
Microsoft Visual Studio Solution File, Format Version 12.00
# Visual Studio Version 17
VisualStudioVersion = 17.0.32126.317
MinimumVisualStudioVersion = 10.0.40219.1
Project("{FAE04EC0-301F-11D3-BF4B-00C04F79EFBC}") = "LabProject", "LabProject\LabProject.csproj", "{D07B64A5-4CAE-44D9-9360-DAC44AC70FF0}"
EndProject
Global
	GlobalSection(SolutionConfigurationPlatforms) = preSolution
		Debug|Any CPU = Debug|Any CPU
		Release|Any CPU = Release|Any CPU
	EndGlobalSection
	GlobalSection(ProjectConfigurationPlatforms) = postSolution
		{D07B64A5-4CAE-44D9-9360-DAC44AC70FF0}.Debug|Any CPU.ActiveCfg = Debug|Any CPU
		{D07B64A5-4CAE-44D9-9360-DAC44AC70FF0}.Debug|Any CPU.Build.0 = Debug|Any CPU
		{D07B64A5-4CAE-44D9-9360-DAC44AC70FF0}.Release|Any CPU.ActiveCfg = Release|Any CPU
		{D07B64A5-4CAE-44D9-9360-DAC44AC70FF0}.Release|Any CPU.Build.0 = Release|Any CPU
	EndGlobalSection
	GlobalSection(SolutionProperties) = preSolution
		HideSolutionNode = FALSE
	EndGlobalSection
	GlobalSection(ExtensibilityGlobals) = postSolution
		SolutionGuid = {50A99677-26F4-4715-A165-577A0AED4BFA}
	EndGlobalSection
EndGlobal
